
Microsoft Visual Studio Solution File, Format Version 12.00
# Visual Studio Version 16
VisualStudioVersion = 16.0.30523.141
MinimumVisualStudioVersion = 10.0.40219.1
Project("{FAE04EC0-301F-11D3-BF4B-00C04F79EFBC}") = "MyFirstApp01", "MyFirstApp01\MyFirstApp01.csproj", "{F30D1C7A-9051-4716-A6DE-9D4E564A2818}"
EndProject
Global
	GlobalSection(SolutionConfigurationPlatforms) = preSolution
		Debug|Any CPU = Debug|Any CPU
		Release|Any CPU = Release|Any CPU
	EndGlobalSection
	GlobalSection(ProjectConfigurationPlatforms) = postSolution
		{F30D1C7A-9051-4716-A6DE-9D4E564A2818}.Debug|Any CPU.ActiveCfg = Debug|Any CPU
		{F30D1C7A-9051-4716-A6DE-9D4E564A2818}.Debug|Any CPU.Build.0 = Debug|Any CPU
		{F30D1C7A-9051-4716-A6DE-9D4E564A2818}.Release|Any CPU.ActiveCfg = Release|Any CPU
		{F30D1C7A-9051-4716-A6DE-9D4E564A2818}.Release|Any CPU.Build.0 = Release|Any CPU
	EndGlobalSection
	GlobalSection(SolutionProperties) = preSolution
		HideSolutionNode = FALSE
	EndGlobalSection
	GlobalSection(ExtensibilityGlobals) = postSolution
		SolutionGuid = {D7B6BDA3-CC78-45A5-B170-F3C083B4BA08}
	EndGlobalSection
EndGlobal
